
Microsoft Visual Studio Solution File, Format Version 12.00
# Visual Studio 15
Project("{FAE04EC0-301F-11D3-BF4B-00C04F79EFBC}") = "Assembly-CSharp", "Assembly-CSharp.csproj", "{A5590E97-999D-A280-8B8F-D2073419E762}"
EndProject
Project("{FAE04EC0-301F-11D3-BF4B-00C04F79EFBC}") = "Assembly-CSharp-firstpass", "Assembly-CSharp-firstpass.csproj", "{6CA8ABEA-0FBA-47B3-9A13-4CA64DE68995}"
EndProject
Project("{FAE04EC0-301F-11D3-BF4B-00C04F79EFBC}") = "Assembly-CSharp-Editor", "Assembly-CSharp-Editor.csproj", "{AF5A611D-0778-56B7-BFDE-FC22E40CC64C}"
EndProject
Global
	GlobalSection(SolutionConfigurationPlatforms) = preSolution
		Debug|Any CPU = Debug|Any CPU
		Release|Any CPU = Release|Any CPU
	EndGlobalSection
	GlobalSection(ProjectConfigurationPlatforms) = postSolution
		{A5590E97-999D-A280-8B8F-D2073419E762}.Debug|Any CPU.ActiveCfg = Debug|Any CPU
		{A5590E97-999D-A280-8B8F-D2073419E762}.Debug|Any CPU.Build.0 = Debug|Any CPU
		{A5590E97-999D-A280-8B8F-D2073419E762}.Release|Any CPU.ActiveCfg = Release|Any CPU
		{A5590E97-999D-A280-8B8F-D2073419E762}.Release|Any CPU.Build.0 = Release|Any CPU
		{6CA8ABEA-0FBA-47B3-9A13-4CA64DE68995}.Debug|Any CPU.ActiveCfg = Debug|Any CPU
		{6CA8ABEA-0FBA-47B3-9A13-4CA64DE68995}.Debug|Any CPU.Build.0 = Debug|Any CPU
		{6CA8ABEA-0FBA-47B3-9A13-4CA64DE68995}.Release|Any CPU.ActiveCfg = Release|Any CPU
		{6CA8ABEA-0FBA-47B3-9A13-4CA64DE68995}.Release|Any CPU.Build.0 = Release|Any CPU
		{AF5A611D-0778-56B7-BFDE-FC22E40CC64C}.Debug|Any CPU.ActiveCfg = Debug|Any CPU
		{AF5A611D-0778-56B7-BFDE-FC22E40CC64C}.Debug|Any CPU.Build.0 = Debug|Any CPU
		{AF5A611D-0778-56B7-BFDE-FC22E40CC64C}.Release|Any CPU.ActiveCfg = Release|Any CPU
		{AF5A611D-0778-56B7-BFDE-FC22E40CC64C}.Release|Any CPU.Build.0 = Release|Any CPU
	EndGlobalSection
	GlobalSection(SolutionProperties) = preSolution
		HideSolutionNode = FALSE
	EndGlobalSection
EndGlobal
